
Microsoft Visual Studio Solution File, Format Version 12.00
# Visual Studio 2012
Project("{FAE04EC0-301F-11D3-BF4B-00C04F79EFBC}") = "CodedUI", "CodedUI\CodedUI.csproj", "{54011D98-DC6C-4203-B039-EB565C61B796}"
EndProject
Global
	GlobalSection(SolutionConfigurationPlatforms) = preSolution
		Debug|Any CPU = Debug|Any CPU
		Release|Any CPU = Release|Any CPU
	EndGlobalSection
	GlobalSection(ProjectConfigurationPlatforms) = postSolution
		{54011D98-DC6C-4203-B039-EB565C61B796}.Debug|Any CPU.ActiveCfg = Debug|Any CPU
		{54011D98-DC6C-4203-B039-EB565C61B796}.Debug|Any CPU.Build.0 = Debug|Any CPU
		{54011D98-DC6C-4203-B039-EB565C61B796}.Release|Any CPU.ActiveCfg = Release|Any CPU
		{54011D98-DC6C-4203-B039-EB565C61B796}.Release|Any CPU.Build.0 = Release|Any CPU
	EndGlobalSection
	GlobalSection(SolutionProperties) = preSolution
		HideSolutionNode = FALSE
	EndGlobalSection
EndGlobal
